
Microsoft Visual Studio Solution File, Format Version 12.00
# Visual Studio Version 17
VisualStudioVersion = 17.4.33213.308
MinimumVisualStudioVersion = 10.0.40219.1
Project("{9A19103F-16F7-4668-BE54-9A1E7A4F7556}") = "NetLink", "NetLink.csproj", "{5B5B036B-3C52-4BD5-9726-0E35D4B0FC40}"
EndProject
Global
	GlobalSection(SolutionConfigurationPlatforms) = preSolution
		Debug|Any CPU = Debug|Any CPU
		Release|Any CPU = Release|Any CPU
	EndGlobalSection
	GlobalSection(ProjectConfigurationPlatforms) = postSolution
		{5B5B036B-3C52-4BD5-9726-0E35D4B0FC40}.Debug|Any CPU.ActiveCfg = Debug|Any CPU
		{5B5B036B-3C52-4BD5-9726-0E35D4B0FC40}.Debug|Any CPU.Build.0 = Debug|Any CPU
		{5B5B036B-3C52-4BD5-9726-0E35D4B0FC40}.Release|Any CPU.ActiveCfg = Release|Any CPU
		{5B5B036B-3C52-4BD5-9726-0E35D4B0FC40}.Release|Any CPU.Build.0 = Release|Any CPU
	EndGlobalSection
	GlobalSection(SolutionProperties) = preSolution
		HideSolutionNode = FALSE
	EndGlobalSection
	GlobalSection(ExtensibilityGlobals) = postSolution
		SolutionGuid = {5A2CEE5C-54E4-4BAA-83CC-354B27A8C8E5}
	EndGlobalSection
EndGlobal
